
Microsoft Visual Studio Solution File, Format Version 12.00
# Visual Studio Version 17
VisualStudioVersion = 17.7.34024.191
MinimumVisualStudioVersion = 10.0.40219.1
Project("{FAE04EC0-301F-11D3-BF4B-00C04F79EFBC}") = "Week9ReadData", "Week9ReadData\Week9ReadData.csproj", "{B27332D5-B4A2-4E54-B843-ACBCF01B99EB}"
EndProject
Global
	GlobalSection(SolutionConfigurationPlatforms) = preSolution
		Debug|Any CPU = Debug|Any CPU
		Release|Any CPU = Release|Any CPU
	EndGlobalSection
	GlobalSection(ProjectConfigurationPlatforms) = postSolution
		{B27332D5-B4A2-4E54-B843-ACBCF01B99EB}.Debug|Any CPU.ActiveCfg = Debug|Any CPU
		{B27332D5-B4A2-4E54-B843-ACBCF01B99EB}.Debug|Any CPU.Build.0 = Debug|Any CPU
		{B27332D5-B4A2-4E54-B843-ACBCF01B99EB}.Release|Any CPU.ActiveCfg = Release|Any CPU
		{B27332D5-B4A2-4E54-B843-ACBCF01B99EB}.Release|Any CPU.Build.0 = Release|Any CPU
	EndGlobalSection
	GlobalSection(SolutionProperties) = preSolution
		HideSolutionNode = FALSE
	EndGlobalSection
	GlobalSection(ExtensibilityGlobals) = postSolution
		SolutionGuid = {E30FE120-0F77-4DF5-A861-425B7860E040}
	EndGlobalSection
EndGlobal
